
Microsoft Visual Studio Solution File, Format Version 12.00
# Visual Studio 14
VisualStudioVersion = 14.0.25420.1
MinimumVisualStudioVersion = 10.0.40219.1
Project("{FAE04EC0-301F-11D3-BF4B-00C04F79EFBC}") = "SchoolSystem", "SchoolSystem\SchoolSystem.csproj", "{B1F45847-27DA-4AD1-8C3C-632D2C42DAB8}"
EndProject
Project("{FAE04EC0-301F-11D3-BF4B-00C04F79EFBC}") = "SchoolSystem.Tests", "SchoolSystem.Tests\SchoolSystem.Tests.csproj", "{F6AF09CF-0F8D-48E3-B9E0-892B355CE14B}"
EndProject
Global
	GlobalSection(SolutionConfigurationPlatforms) = preSolution
		Debug|Any CPU = Debug|Any CPU
		Release|Any CPU = Release|Any CPU
	EndGlobalSection
	GlobalSection(ProjectConfigurationPlatforms) = postSolution
		{B1F45847-27DA-4AD1-8C3C-632D2C42DAB8}.Debug|Any CPU.ActiveCfg = Debug|Any CPU
		{B1F45847-27DA-4AD1-8C3C-632D2C42DAB8}.Debug|Any CPU.Build.0 = Debug|Any CPU
		{B1F45847-27DA-4AD1-8C3C-632D2C42DAB8}.Release|Any CPU.ActiveCfg = Release|Any CPU
		{B1F45847-27DA-4AD1-8C3C-632D2C42DAB8}.Release|Any CPU.Build.0 = Release|Any CPU
		{F6AF09CF-0F8D-48E3-B9E0-892B355CE14B}.Debug|Any CPU.ActiveCfg = Debug|Any CPU
		{F6AF09CF-0F8D-48E3-B9E0-892B355CE14B}.Debug|Any CPU.Build.0 = Debug|Any CPU
		{F6AF09CF-0F8D-48E3-B9E0-892B355CE14B}.Release|Any CPU.ActiveCfg = Release|Any CPU
		{F6AF09CF-0F8D-48E3-B9E0-892B355CE14B}.Release|Any CPU.Build.0 = Release|Any CPU
	EndGlobalSection
	GlobalSection(SolutionProperties) = preSolution
		HideSolutionNode = FALSE
	EndGlobalSection
EndGlobal
