
Microsoft Visual Studio Solution File, Format Version 12.00
# Visual Studio 14
VisualStudioVersion = 14.0.25420.1
MinimumVisualStudioVersion = 10.0.40219.1
Project("{FAE04EC0-301F-11D3-BF4B-00C04F79EFBC}") = "01. Odd or Even", "01. Odd or Even\01. Odd or Even.csproj", "{2182423F-6291-4E73-87B1-8F0250646D8B}"
EndProject
Project("{FAE04EC0-301F-11D3-BF4B-00C04F79EFBC}") = "02. Moon Gravity", "02. Moon Gravity\02. Moon Gravity.csproj", "{1A0A22D1-2A50-465D-8D9C-D13BC140FBDF}"
EndProject
Project("{FAE04EC0-301F-11D3-BF4B-00C04F79EFBC}") = "03. Divide by 7 and 5", "03. Divide by 7 and 5\03. Divide by 7 and 5.csproj", "{10D04392-B9E0-4AC6-AED1-817D44A73934}"
EndProject
Project("{FAE04EC0-301F-11D3-BF4B-00C04F79EFBC}") = "04. Rectangles", "04. Rectangles\04. Rectangles.csproj", "{C03E33C5-334E-40E0-B45B-AA557AC397C4}"
EndProject
Project("{FAE04EC0-301F-11D3-BF4B-00C04F79EFBC}") = "05. Third digit", "05. Third digit\05. Third digit.csproj", "{5BBABD0E-B22A-4F40-94C2-8515F2E7BA10}"
EndProject
Project("{FAE04EC0-301F-11D3-BF4B-00C04F79EFBC}") = "06. Four digits", "06. Four digits\06. Four digits.csproj", "{4B37B380-0DFC-4A91-935C-08FC43A5BF38}"
EndProject
Project("{FAE04EC0-301F-11D3-BF4B-00C04F79EFBC}") = "07. Point in a circle", "07. Point in a circle\07. Point in a circle.csproj", "{A789B538-D559-4FED-B3EE-0509DF681949}"
EndProject
Project("{FAE04EC0-301F-11D3-BF4B-00C04F79EFBC}") = "08. Prime Check", "08. Prime Check\08. Prime Check.csproj", "{22F33273-5A57-457A-9ACC-FA6307FE5562}"
EndProject
Project("{FAE04EC0-301F-11D3-BF4B-00C04F79EFBC}") = "09. Trapezoids", "09. Trapezoids\09. Trapezoids.csproj", "{B50DD3D6-8A39-4BAC-842E-F67F9077915B}"
EndProject
Project("{FAE04EC0-301F-11D3-BF4B-00C04F79EFBC}") = "10. Point, Circle, Rectangle", "10. Point, Circle, Rectangle\10. Point, Circle, Rectangle.csproj", "{6CF2D1A5-F7C6-4032-ABFC-B0CF4E155C41}"
EndProject
Project("{FAE04EC0-301F-11D3-BF4B-00C04F79EFBC}") = "11. 3rd Bit", "11. 3rd Bit\11. 3rd Bit.csproj", "{320C4F6B-A869-4D91-87F6-5AA80D16DC87}"
EndProject
Project("{FAE04EC0-301F-11D3-BF4B-00C04F79EFBC}") = "12. N-th bit", "12. N-th bit\12. N-th bit.csproj", "{3F4DE626-5293-4F68-8F59-DA6D5A386DAD}"
EndProject
Project("{FAE04EC0-301F-11D3-BF4B-00C04F79EFBC}") = "13. Modify Bit", "13. Modify Bit\13. Modify Bit.csproj", "{504FAD7B-0969-40FD-9D83-BED0992A21D6}"
EndProject
Project("{FAE04EC0-301F-11D3-BF4B-00C04F79EFBC}") = "14. BitExchange", "14. BitExchange\14. BitExchange.csproj", "{A946AED0-814C-4B9F-97BB-80204355E367}"
EndProject
Project("{FAE04EC0-301F-11D3-BF4B-00C04F79EFBC}") = "15. BitSwap", "15. BitSwap\15. BitSwap.csproj", "{D5692984-551F-4E54-A9DE-FA7F23BD4E49}"
EndProject
Global
	GlobalSection(SolutionConfigurationPlatforms) = preSolution
		Debug|Any CPU = Debug|Any CPU
		Release|Any CPU = Release|Any CPU
	EndGlobalSection
	GlobalSection(ProjectConfigurationPlatforms) = postSolution
		{2182423F-6291-4E73-87B1-8F0250646D8B}.Debug|Any CPU.ActiveCfg = Debug|Any CPU
		{2182423F-6291-4E73-87B1-8F0250646D8B}.Debug|Any CPU.Build.0 = Debug|Any CPU
		{2182423F-6291-4E73-87B1-8F0250646D8B}.Release|Any CPU.ActiveCfg = Release|Any CPU
		{2182423F-6291-4E73-87B1-8F0250646D8B}.Release|Any CPU.Build.0 = Release|Any CPU
		{1A0A22D1-2A50-465D-8D9C-D13BC140FBDF}.Debug|Any CPU.ActiveCfg = Debug|Any CPU
		{1A0A22D1-2A50-465D-8D9C-D13BC140FBDF}.Debug|Any CPU.Build.0 = Debug|Any CPU
		{1A0A22D1-2A50-465D-8D9C-D13BC140FBDF}.Release|Any CPU.ActiveCfg = Release|Any CPU
		{1A0A22D1-2A50-465D-8D9C-D13BC140FBDF}.Release|Any CPU.Build.0 = Release|Any CPU
		{10D04392-B9E0-4AC6-AED1-817D44A73934}.Debug|Any CPU.ActiveCfg = Debug|Any CPU
		{10D04392-B9E0-4AC6-AED1-817D44A73934}.Debug|Any CPU.Build.0 = Debug|Any CPU
		{10D04392-B9E0-4AC6-AED1-817D44A73934}.Release|Any CPU.ActiveCfg = Release|Any CPU
		{10D04392-B9E0-4AC6-AED1-817D44A73934}.Release|Any CPU.Build.0 = Release|Any CPU
		{C03E33C5-334E-40E0-B45B-AA557AC397C4}.Debug|Any CPU.ActiveCfg = Debug|Any CPU
		{C03E33C5-334E-40E0-B45B-AA557AC397C4}.Debug|Any CPU.Build.0 = Debug|Any CPU
		{C03E33C5-334E-40E0-B45B-AA557AC397C4}.Release|Any CPU.ActiveCfg = Release|Any CPU
		{C03E33C5-334E-40E0-B45B-AA557AC397C4}.Release|Any CPU.Build.0 = Release|Any CPU
		{5BBABD0E-B22A-4F40-94C2-8515F2E7BA10}.Debug|Any CPU.ActiveCfg = Debug|Any CPU
		{5BBABD0E-B22A-4F40-94C2-8515F2E7BA10}.Debug|Any CPU.Build.0 = Debug|Any CPU
		{5BBABD0E-B22A-4F40-94C2-8515F2E7BA10}.Release|Any CPU.ActiveCfg = Release|Any CPU
		{5BBABD0E-B22A-4F40-94C2-8515F2E7BA10}.Release|Any CPU.Build.0 = Release|Any CPU
		{4B37B380-0DFC-4A91-935C-08FC43A5BF38}.Debug|Any CPU.ActiveCfg = Debug|Any CPU
		{4B37B380-0DFC-4A91-935C-08FC43A5BF38}.Debug|Any CPU.Build.0 = Debug|Any CPU
		{4B37B380-0DFC-4A91-935C-08FC43A5BF38}.Release|Any CPU.ActiveCfg = Release|Any CPU
		{4B37B380-0DFC-4A91-935C-08FC43A5BF38}.Release|Any CPU.Build.0 = Release|Any CPU
		{A789B538-D559-4FED-B3EE-0509DF681949}.Debug|Any CPU.ActiveCfg = Debug|Any CPU
		{A789B538-D559-4FED-B3EE-0509DF681949}.Debug|Any CPU.Build.0 = Debug|Any CPU
		{A789B538-D559-4FED-B3EE-0509DF681949}.Release|Any CPU.ActiveCfg = Release|Any CPU
		{A789B538-D559-4FED-B3EE-0509DF681949}.Release|Any CPU.Build.0 = Release|Any CPU
		{22F33273-5A57-457A-9ACC-FA6307FE5562}.Debug|Any CPU.ActiveCfg = Debug|Any CPU
		{22F33273-5A57-457A-9ACC-FA6307FE5562}.Debug|Any CPU.Build.0 = Debug|Any CPU
		{22F33273-5A57-457A-9ACC-FA6307FE5562}.Release|Any CPU.ActiveCfg = Release|Any CPU
		{22F33273-5A57-457A-9ACC-FA6307FE5562}.Release|Any CPU.Build.0 = Release|Any CPU
		{B50DD3D6-8A39-4BAC-842E-F67F9077915B}.Debug|Any CPU.ActiveCfg = Debug|Any CPU
		{B50DD3D6-8A39-4BAC-842E-F67F9077915B}.Debug|Any CPU.Build.0 = Debug|Any CPU
		{B50DD3D6-8A39-4BAC-842E-F67F9077915B}.Release|Any CPU.ActiveCfg = Release|Any CPU
		{B50DD3D6-8A39-4BAC-842E-F67F9077915B}.Release|Any CPU.Build.0 = Release|Any CPU
		{6CF2D1A5-F7C6-4032-ABFC-B0CF4E155C41}.Debug|Any CPU.ActiveCfg = Debug|Any CPU
		{6CF2D1A5-F7C6-4032-ABFC-B0CF4E155C41}.Debug|Any CPU.Build.0 = Debug|Any CPU
		{6CF2D1A5-F7C6-4032-ABFC-B0CF4E155C41}.Release|Any CPU.ActiveCfg = Release|Any CPU
		{6CF2D1A5-F7C6-4032-ABFC-B0CF4E155C41}.Release|Any CPU.Build.0 = Release|Any CPU
		{320C4F6B-A869-4D91-87F6-5AA80D16DC87}.Debug|Any CPU.ActiveCfg = Debug|Any CPU
		{320C4F6B-A869-4D91-87F6-5AA80D16DC87}.Debug|Any CPU.Build.0 = Debug|Any CPU
		{320C4F6B-A869-4D91-87F6-5AA80D16DC87}.Release|Any CPU.ActiveCfg = Release|Any CPU
		{320C4F6B-A869-4D91-87F6-5AA80D16DC87}.Release|Any CPU.Build.0 = Release|Any CPU
		{3F4DE626-5293-4F68-8F59-DA6D5A386DAD}.Debug|Any CPU.ActiveCfg = Debug|Any CPU
		{3F4DE626-5293-4F68-8F59-DA6D5A386DAD}.Debug|Any CPU.Build.0 = Debug|Any CPU
		{3F4DE626-5293-4F68-8F59-DA6D5A386DAD}.Release|Any CPU.ActiveCfg = Release|Any CPU
		{3F4DE626-5293-4F68-8F59-DA6D5A386DAD}.Release|Any CPU.Build.0 = Release|Any CPU
		{504FAD7B-0969-40FD-9D83-BED0992A21D6}.Debug|Any CPU.ActiveCfg = Debug|Any CPU
		{504FAD7B-0969-40FD-9D83-BED0992A21D6}.Debug|Any CPU.Build.0 = Debug|Any CPU
		{504FAD7B-0969-40FD-9D83-BED0992A21D6}.Release|Any CPU.ActiveCfg = Release|Any CPU
		{504FAD7B-0969-40FD-9D83-BED0992A21D6}.Release|Any CPU.Build.0 = Release|Any CPU
		{A946AED0-814C-4B9F-97BB-80204355E367}.Debug|Any CPU.ActiveCfg = Debug|Any CPU
		{A946AED0-814C-4B9F-97BB-80204355E367}.Debug|Any CPU.Build.0 = Debug|Any CPU
		{A946AED0-814C-4B9F-97BB-80204355E367}.Release|Any CPU.ActiveCfg = Release|Any CPU
		{A946AED0-814C-4B9F-97BB-80204355E367}.Release|Any CPU.Build.0 = Release|Any CPU
		{D5692984-551F-4E54-A9DE-FA7F23BD4E49}.Debug|Any CPU.ActiveCfg = Debug|Any CPU
		{D5692984-551F-4E54-A9DE-FA7F23BD4E49}.Debug|Any CPU.Build.0 = Debug|Any CPU
		{D5692984-551F-4E54-A9DE-FA7F23BD4E49}.Release|Any CPU.ActiveCfg = Release|Any CPU
		{D5692984-551F-4E54-A9DE-FA7F23BD4E49}.Release|Any CPU.Build.0 = Release|Any CPU
	EndGlobalSection
	GlobalSection(SolutionProperties) = preSolution
		HideSolutionNode = FALSE
	EndGlobalSection
EndGlobal
