
Microsoft Visual Studio Solution File, Format Version 12.00
# Visual Studio 14
VisualStudioVersion = 14.0.25420.1
MinimumVisualStudioVersion = 10.0.40219.1
Project("{FAE04EC0-301F-11D3-BF4B-00C04F79EFBC}") = "01. Say Hello", "01. Say Hello\01. Say Hello.csproj", "{8E572553-E2E5-4FF2-B0B7-90AB798E579B}"
EndProject
Project("{FAE04EC0-301F-11D3-BF4B-00C04F79EFBC}") = "02. Get largest number", "02. Get largest number\02. Get largest number.csproj", "{507D61A1-8AAE-4FF1-AE1B-244E166B2B32}"
EndProject
Project("{FAE04EC0-301F-11D3-BF4B-00C04F79EFBC}") = "03. English digit", "03. English digit\03. English digit.csproj", "{E057CA3B-960A-44B6-A964-6B92E4C7FC61}"
EndProject
Project("{FAE04EC0-301F-11D3-BF4B-00C04F79EFBC}") = "04. Appearance count", "04. Appearance count\04. Appearance count.csproj", "{D231FE39-D229-40B4-B014-CD91AF2EC342}"
EndProject
Project("{FAE04EC0-301F-11D3-BF4B-00C04F79EFBC}") = "05. Larger than neighbours", "05. Larger than neighbours\05. Larger than neighbours.csproj", "{18C77B06-13B3-4140-97A3-1FD46B20FA87}"
EndProject
Project("{FAE04EC0-301F-11D3-BF4B-00C04F79EFBC}") = "06. First larger than neighbours", "06. First larger than neighbours\06. First larger than neighbours.csproj", "{50437D39-F0A4-438B-93DB-E81A23BD4310}"
EndProject
Project("{FAE04EC0-301F-11D3-BF4B-00C04F79EFBC}") = "07. Reverse number", "07. Reverse number\07. Reverse number.csproj", "{DD1B9D63-EC08-4A6D-A025-DE260B2CDC3E}"
EndProject
Project("{FAE04EC0-301F-11D3-BF4B-00C04F79EFBC}") = "08. Number as array", "08. Number as array\08. Number as array.csproj", "{425C4B8E-2F71-4092-BE0E-7E3CAEF8D406}"
EndProject
Project("{FAE04EC0-301F-11D3-BF4B-00C04F79EFBC}") = "09. Sorting array", "09. Sorting array\09. Sorting array.csproj", "{09F197ED-AE29-47BF-BB32-6B264C8B6DC2}"
EndProject
Project("{FAE04EC0-301F-11D3-BF4B-00C04F79EFBC}") = "10. N Factorial", "10. N Factorial\10. N Factorial.csproj", "{89EA78C7-8AE9-4747-AF2C-EDCE0D5B681C}"
EndProject
Project("{FAE04EC0-301F-11D3-BF4B-00C04F79EFBC}") = "11. Adding polynomials", "11. Adding polynomials\11. Adding polynomials.csproj", "{764A6185-03EA-4DDF-A6D9-5C028E05480B}"
EndProject
Project("{FAE04EC0-301F-11D3-BF4B-00C04F79EFBC}") = "14. Integer calculations", "14. Integer calculations\14. Integer calculations.csproj", "{942B3030-A9FF-4C0D-B181-6E9E67FC7EBC}"
EndProject
Global
	GlobalSection(SolutionConfigurationPlatforms) = preSolution
		Debug|Any CPU = Debug|Any CPU
		Release|Any CPU = Release|Any CPU
	EndGlobalSection
	GlobalSection(ProjectConfigurationPlatforms) = postSolution
		{8E572553-E2E5-4FF2-B0B7-90AB798E579B}.Debug|Any CPU.ActiveCfg = Debug|Any CPU
		{8E572553-E2E5-4FF2-B0B7-90AB798E579B}.Debug|Any CPU.Build.0 = Debug|Any CPU
		{8E572553-E2E5-4FF2-B0B7-90AB798E579B}.Release|Any CPU.ActiveCfg = Release|Any CPU
		{8E572553-E2E5-4FF2-B0B7-90AB798E579B}.Release|Any CPU.Build.0 = Release|Any CPU
		{507D61A1-8AAE-4FF1-AE1B-244E166B2B32}.Debug|Any CPU.ActiveCfg = Debug|Any CPU
		{507D61A1-8AAE-4FF1-AE1B-244E166B2B32}.Debug|Any CPU.Build.0 = Debug|Any CPU
		{507D61A1-8AAE-4FF1-AE1B-244E166B2B32}.Release|Any CPU.ActiveCfg = Release|Any CPU
		{507D61A1-8AAE-4FF1-AE1B-244E166B2B32}.Release|Any CPU.Build.0 = Release|Any CPU
		{E057CA3B-960A-44B6-A964-6B92E4C7FC61}.Debug|Any CPU.ActiveCfg = Debug|Any CPU
		{E057CA3B-960A-44B6-A964-6B92E4C7FC61}.Debug|Any CPU.Build.0 = Debug|Any CPU
		{E057CA3B-960A-44B6-A964-6B92E4C7FC61}.Release|Any CPU.ActiveCfg = Release|Any CPU
		{E057CA3B-960A-44B6-A964-6B92E4C7FC61}.Release|Any CPU.Build.0 = Release|Any CPU
		{D231FE39-D229-40B4-B014-CD91AF2EC342}.Debug|Any CPU.ActiveCfg = Debug|Any CPU
		{D231FE39-D229-40B4-B014-CD91AF2EC342}.Debug|Any CPU.Build.0 = Debug|Any CPU
		{D231FE39-D229-40B4-B014-CD91AF2EC342}.Release|Any CPU.ActiveCfg = Release|Any CPU
		{D231FE39-D229-40B4-B014-CD91AF2EC342}.Release|Any CPU.Build.0 = Release|Any CPU
		{18C77B06-13B3-4140-97A3-1FD46B20FA87}.Debug|Any CPU.ActiveCfg = Debug|Any CPU
		{18C77B06-13B3-4140-97A3-1FD46B20FA87}.Debug|Any CPU.Build.0 = Debug|Any CPU
		{18C77B06-13B3-4140-97A3-1FD46B20FA87}.Release|Any CPU.ActiveCfg = Release|Any CPU
		{18C77B06-13B3-4140-97A3-1FD46B20FA87}.Release|Any CPU.Build.0 = Release|Any CPU
		{50437D39-F0A4-438B-93DB-E81A23BD4310}.Debug|Any CPU.ActiveCfg = Debug|Any CPU
		{50437D39-F0A4-438B-93DB-E81A23BD4310}.Debug|Any CPU.Build.0 = Debug|Any CPU
		{50437D39-F0A4-438B-93DB-E81A23BD4310}.Release|Any CPU.ActiveCfg = Release|Any CPU
		{50437D39-F0A4-438B-93DB-E81A23BD4310}.Release|Any CPU.Build.0 = Release|Any CPU
		{DD1B9D63-EC08-4A6D-A025-DE260B2CDC3E}.Debug|Any CPU.ActiveCfg = Debug|Any CPU
		{DD1B9D63-EC08-4A6D-A025-DE260B2CDC3E}.Debug|Any CPU.Build.0 = Debug|Any CPU
		{DD1B9D63-EC08-4A6D-A025-DE260B2CDC3E}.Release|Any CPU.ActiveCfg = Release|Any CPU
		{DD1B9D63-EC08-4A6D-A025-DE260B2CDC3E}.Release|Any CPU.Build.0 = Release|Any CPU
		{425C4B8E-2F71-4092-BE0E-7E3CAEF8D406}.Debug|Any CPU.ActiveCfg = Debug|Any CPU
		{425C4B8E-2F71-4092-BE0E-7E3CAEF8D406}.Debug|Any CPU.Build.0 = Debug|Any CPU
		{425C4B8E-2F71-4092-BE0E-7E3CAEF8D406}.Release|Any CPU.ActiveCfg = Release|Any CPU
		{425C4B8E-2F71-4092-BE0E-7E3CAEF8D406}.Release|Any CPU.Build.0 = Release|Any CPU
		{09F197ED-AE29-47BF-BB32-6B264C8B6DC2}.Debug|Any CPU.ActiveCfg = Debug|Any CPU
		{09F197ED-AE29-47BF-BB32-6B264C8B6DC2}.Debug|Any CPU.Build.0 = Debug|Any CPU
		{09F197ED-AE29-47BF-BB32-6B264C8B6DC2}.Release|Any CPU.ActiveCfg = Release|Any CPU
		{09F197ED-AE29-47BF-BB32-6B264C8B6DC2}.Release|Any CPU.Build.0 = Release|Any CPU
		{89EA78C7-8AE9-4747-AF2C-EDCE0D5B681C}.Debug|Any CPU.ActiveCfg = Debug|Any CPU
		{89EA78C7-8AE9-4747-AF2C-EDCE0D5B681C}.Debug|Any CPU.Build.0 = Debug|Any CPU
		{89EA78C7-8AE9-4747-AF2C-EDCE0D5B681C}.Release|Any CPU.ActiveCfg = Release|Any CPU
		{89EA78C7-8AE9-4747-AF2C-EDCE0D5B681C}.Release|Any CPU.Build.0 = Release|Any CPU
		{764A6185-03EA-4DDF-A6D9-5C028E05480B}.Debug|Any CPU.ActiveCfg = Debug|Any CPU
		{764A6185-03EA-4DDF-A6D9-5C028E05480B}.Debug|Any CPU.Build.0 = Debug|Any CPU
		{764A6185-03EA-4DDF-A6D9-5C028E05480B}.Release|Any CPU.ActiveCfg = Release|Any CPU
		{764A6185-03EA-4DDF-A6D9-5C028E05480B}.Release|Any CPU.Build.0 = Release|Any CPU
		{942B3030-A9FF-4C0D-B181-6E9E67FC7EBC}.Debug|Any CPU.ActiveCfg = Debug|Any CPU
		{942B3030-A9FF-4C0D-B181-6E9E67FC7EBC}.Debug|Any CPU.Build.0 = Debug|Any CPU
		{942B3030-A9FF-4C0D-B181-6E9E67FC7EBC}.Release|Any CPU.ActiveCfg = Release|Any CPU
		{942B3030-A9FF-4C0D-B181-6E9E67FC7EBC}.Release|Any CPU.Build.0 = Release|Any CPU
	EndGlobalSection
	GlobalSection(SolutionProperties) = preSolution
		HideSolutionNode = FALSE
	EndGlobalSection
EndGlobal
