
Microsoft Visual Studio Solution File, Format Version 12.00
# Visual Studio 15
VisualStudioVersion = 15.0.26228.9
MinimumVisualStudioVersion = 10.0.40219.1
Project("{FAE04EC0-301F-11D3-BF4B-00C04F79EFBC}") = "Task1", "Task1\Task1.csproj", "{BC8C47AE-F6E9-4266-9741-546D80A9D77E}"
EndProject
Global
	GlobalSection(SolutionConfigurationPlatforms) = preSolution
		Debug|Any CPU = Debug|Any CPU
		Release|Any CPU = Release|Any CPU
	EndGlobalSection
	GlobalSection(ProjectConfigurationPlatforms) = postSolution
		{BC8C47AE-F6E9-4266-9741-546D80A9D77E}.Debug|Any CPU.ActiveCfg = Debug|Any CPU
		{BC8C47AE-F6E9-4266-9741-546D80A9D77E}.Debug|Any CPU.Build.0 = Debug|Any CPU
		{BC8C47AE-F6E9-4266-9741-546D80A9D77E}.Release|Any CPU.ActiveCfg = Release|Any CPU
		{BC8C47AE-F6E9-4266-9741-546D80A9D77E}.Release|Any CPU.Build.0 = Release|Any CPU
	EndGlobalSection
	GlobalSection(SolutionProperties) = preSolution
		HideSolutionNode = FALSE
	EndGlobalSection
EndGlobal
