
Microsoft Visual Studio Solution File, Format Version 12.00
# Visual Studio 14
VisualStudioVersion = 14.0.25420.1
MinimumVisualStudioVersion = 10.0.40219.1
Project("{FAE04EC0-301F-11D3-BF4B-00C04F79EFBC}") = "01. Allocate array", "01. Allocate array\01. Allocate array.csproj", "{2CA2203B-5133-4720-988D-9545197031D3}"
EndProject
Project("{FAE04EC0-301F-11D3-BF4B-00C04F79EFBC}") = "02. Compare arrays", "02. Compare arrays\02. Compare arrays.csproj", "{1C93F625-79AC-42E3-9818-4782B7E56C66}"
EndProject
Project("{FAE04EC0-301F-11D3-BF4B-00C04F79EFBC}") = "03. Compare char arrays", "03. Compare char arrays\03. Compare char arrays.csproj", "{431E2277-20B0-4F3B-9A62-19007120389C}"
EndProject
Project("{FAE04EC0-301F-11D3-BF4B-00C04F79EFBC}") = "04. Maximal sequence", "04. Maximal sequence\04. Maximal sequence.csproj", "{001D14B1-74AE-4E44-83E1-CAAD175904F6}"
EndProject
Project("{FAE04EC0-301F-11D3-BF4B-00C04F79EFBC}") = "05. Maximal increasing sequence", "05. Maximal increasing sequence\05. Maximal increasing sequence.csproj", "{BDC67069-019F-4FDC-BB83-5AE7895574BB}"
EndProject
Project("{FAE04EC0-301F-11D3-BF4B-00C04F79EFBC}") = "06. Maximal K sum", "06. Maximal K sum\06. Maximal K sum.csproj", "{A2ADC066-9288-42C4-A651-B3BDE55C7AEB}"
EndProject
Project("{FAE04EC0-301F-11D3-BF4B-00C04F79EFBC}") = "07. Selection sort", "07. Selection sort\07. Selection sort.csproj", "{578BF9C4-464E-41E6-BF92-C8C5F3DF4EFF}"
EndProject
Project("{FAE04EC0-301F-11D3-BF4B-00C04F79EFBC}") = "08. Maximal sum (3 loops)", "08. Maximal sum\08. Maximal sum (3 loops).csproj", "{786CC4C8-A620-48AA-8FCF-5C2E6AB4405A}"
EndProject
Project("{FAE04EC0-301F-11D3-BF4B-00C04F79EFBC}") = "08. Maximal sum (2 loops)", "08. Maximal sum (2 loops)\08. Maximal sum (2 loops).csproj", "{3D5C07DE-B9AA-408B-A419-007D7188924D}"
EndProject
Project("{FAE04EC0-301F-11D3-BF4B-00C04F79EFBC}") = "08. Maximal sum (1 loop)", "08. Maximal sum (1 loop)\08. Maximal sum (1 loop).csproj", "{8B1D3B77-B4C5-4E8B-A93D-35A84DB73080}"
EndProject
Project("{FAE04EC0-301F-11D3-BF4B-00C04F79EFBC}") = "09. Frequent number", "09. Frequent number\09. Frequent number.csproj", "{D1D70626-267E-4CFE-9AED-669E357BF856}"
EndProject
Project("{FAE04EC0-301F-11D3-BF4B-00C04F79EFBC}") = "11. Binary search", "11. Binary search\11. Binary search.csproj", "{40A96598-6398-4387-B157-638C4F4394F4}"
EndProject
Project("{FAE04EC0-301F-11D3-BF4B-00C04F79EFBC}") = "12. Index of letters", "12. Index of letters\12. Index of letters.csproj", "{84DB9DAC-0407-4206-8A47-69878AE59B1C}"
EndProject
Project("{FAE04EC0-301F-11D3-BF4B-00C04F79EFBC}") = "15. Prime numbers", "15. Prime numbers\15. Prime numbers.csproj", "{3F57CDA3-C2A1-4780-9BC9-8DD85FEF9C83}"
EndProject
Global
	GlobalSection(SolutionConfigurationPlatforms) = preSolution
		Debug|Any CPU = Debug|Any CPU
		Release|Any CPU = Release|Any CPU
	EndGlobalSection
	GlobalSection(ProjectConfigurationPlatforms) = postSolution
		{2CA2203B-5133-4720-988D-9545197031D3}.Debug|Any CPU.ActiveCfg = Debug|Any CPU
		{2CA2203B-5133-4720-988D-9545197031D3}.Debug|Any CPU.Build.0 = Debug|Any CPU
		{2CA2203B-5133-4720-988D-9545197031D3}.Release|Any CPU.ActiveCfg = Release|Any CPU
		{2CA2203B-5133-4720-988D-9545197031D3}.Release|Any CPU.Build.0 = Release|Any CPU
		{1C93F625-79AC-42E3-9818-4782B7E56C66}.Debug|Any CPU.ActiveCfg = Debug|Any CPU
		{1C93F625-79AC-42E3-9818-4782B7E56C66}.Debug|Any CPU.Build.0 = Debug|Any CPU
		{1C93F625-79AC-42E3-9818-4782B7E56C66}.Release|Any CPU.ActiveCfg = Release|Any CPU
		{1C93F625-79AC-42E3-9818-4782B7E56C66}.Release|Any CPU.Build.0 = Release|Any CPU
		{431E2277-20B0-4F3B-9A62-19007120389C}.Debug|Any CPU.ActiveCfg = Debug|Any CPU
		{431E2277-20B0-4F3B-9A62-19007120389C}.Debug|Any CPU.Build.0 = Debug|Any CPU
		{431E2277-20B0-4F3B-9A62-19007120389C}.Release|Any CPU.ActiveCfg = Release|Any CPU
		{431E2277-20B0-4F3B-9A62-19007120389C}.Release|Any CPU.Build.0 = Release|Any CPU
		{001D14B1-74AE-4E44-83E1-CAAD175904F6}.Debug|Any CPU.ActiveCfg = Debug|Any CPU
		{001D14B1-74AE-4E44-83E1-CAAD175904F6}.Debug|Any CPU.Build.0 = Debug|Any CPU
		{001D14B1-74AE-4E44-83E1-CAAD175904F6}.Release|Any CPU.ActiveCfg = Release|Any CPU
		{001D14B1-74AE-4E44-83E1-CAAD175904F6}.Release|Any CPU.Build.0 = Release|Any CPU
		{BDC67069-019F-4FDC-BB83-5AE7895574BB}.Debug|Any CPU.ActiveCfg = Debug|Any CPU
		{BDC67069-019F-4FDC-BB83-5AE7895574BB}.Debug|Any CPU.Build.0 = Debug|Any CPU
		{BDC67069-019F-4FDC-BB83-5AE7895574BB}.Release|Any CPU.ActiveCfg = Release|Any CPU
		{BDC67069-019F-4FDC-BB83-5AE7895574BB}.Release|Any CPU.Build.0 = Release|Any CPU
		{A2ADC066-9288-42C4-A651-B3BDE55C7AEB}.Debug|Any CPU.ActiveCfg = Debug|Any CPU
		{A2ADC066-9288-42C4-A651-B3BDE55C7AEB}.Debug|Any CPU.Build.0 = Debug|Any CPU
		{A2ADC066-9288-42C4-A651-B3BDE55C7AEB}.Release|Any CPU.ActiveCfg = Release|Any CPU
		{A2ADC066-9288-42C4-A651-B3BDE55C7AEB}.Release|Any CPU.Build.0 = Release|Any CPU
		{578BF9C4-464E-41E6-BF92-C8C5F3DF4EFF}.Debug|Any CPU.ActiveCfg = Debug|Any CPU
		{578BF9C4-464E-41E6-BF92-C8C5F3DF4EFF}.Debug|Any CPU.Build.0 = Debug|Any CPU
		{578BF9C4-464E-41E6-BF92-C8C5F3DF4EFF}.Release|Any CPU.ActiveCfg = Release|Any CPU
		{578BF9C4-464E-41E6-BF92-C8C5F3DF4EFF}.Release|Any CPU.Build.0 = Release|Any CPU
		{786CC4C8-A620-48AA-8FCF-5C2E6AB4405A}.Debug|Any CPU.ActiveCfg = Debug|Any CPU
		{786CC4C8-A620-48AA-8FCF-5C2E6AB4405A}.Debug|Any CPU.Build.0 = Debug|Any CPU
		{786CC4C8-A620-48AA-8FCF-5C2E6AB4405A}.Release|Any CPU.ActiveCfg = Release|Any CPU
		{786CC4C8-A620-48AA-8FCF-5C2E6AB4405A}.Release|Any CPU.Build.0 = Release|Any CPU
		{3D5C07DE-B9AA-408B-A419-007D7188924D}.Debug|Any CPU.ActiveCfg = Debug|Any CPU
		{3D5C07DE-B9AA-408B-A419-007D7188924D}.Debug|Any CPU.Build.0 = Debug|Any CPU
		{3D5C07DE-B9AA-408B-A419-007D7188924D}.Release|Any CPU.ActiveCfg = Release|Any CPU
		{3D5C07DE-B9AA-408B-A419-007D7188924D}.Release|Any CPU.Build.0 = Release|Any CPU
		{8B1D3B77-B4C5-4E8B-A93D-35A84DB73080}.Debug|Any CPU.ActiveCfg = Debug|Any CPU
		{8B1D3B77-B4C5-4E8B-A93D-35A84DB73080}.Debug|Any CPU.Build.0 = Debug|Any CPU
		{8B1D3B77-B4C5-4E8B-A93D-35A84DB73080}.Release|Any CPU.ActiveCfg = Release|Any CPU
		{8B1D3B77-B4C5-4E8B-A93D-35A84DB73080}.Release|Any CPU.Build.0 = Release|Any CPU
		{D1D70626-267E-4CFE-9AED-669E357BF856}.Debug|Any CPU.ActiveCfg = Debug|Any CPU
		{D1D70626-267E-4CFE-9AED-669E357BF856}.Debug|Any CPU.Build.0 = Debug|Any CPU
		{D1D70626-267E-4CFE-9AED-669E357BF856}.Release|Any CPU.ActiveCfg = Release|Any CPU
		{D1D70626-267E-4CFE-9AED-669E357BF856}.Release|Any CPU.Build.0 = Release|Any CPU
		{40A96598-6398-4387-B157-638C4F4394F4}.Debug|Any CPU.ActiveCfg = Debug|Any CPU
		{40A96598-6398-4387-B157-638C4F4394F4}.Debug|Any CPU.Build.0 = Debug|Any CPU
		{40A96598-6398-4387-B157-638C4F4394F4}.Release|Any CPU.ActiveCfg = Release|Any CPU
		{40A96598-6398-4387-B157-638C4F4394F4}.Release|Any CPU.Build.0 = Release|Any CPU
		{84DB9DAC-0407-4206-8A47-69878AE59B1C}.Debug|Any CPU.ActiveCfg = Debug|Any CPU
		{84DB9DAC-0407-4206-8A47-69878AE59B1C}.Debug|Any CPU.Build.0 = Debug|Any CPU
		{84DB9DAC-0407-4206-8A47-69878AE59B1C}.Release|Any CPU.ActiveCfg = Release|Any CPU
		{84DB9DAC-0407-4206-8A47-69878AE59B1C}.Release|Any CPU.Build.0 = Release|Any CPU
		{3F57CDA3-C2A1-4780-9BC9-8DD85FEF9C83}.Debug|Any CPU.ActiveCfg = Debug|Any CPU
		{3F57CDA3-C2A1-4780-9BC9-8DD85FEF9C83}.Debug|Any CPU.Build.0 = Debug|Any CPU
		{3F57CDA3-C2A1-4780-9BC9-8DD85FEF9C83}.Release|Any CPU.ActiveCfg = Release|Any CPU
		{3F57CDA3-C2A1-4780-9BC9-8DD85FEF9C83}.Release|Any CPU.Build.0 = Release|Any CPU
	EndGlobalSection
	GlobalSection(SolutionProperties) = preSolution
		HideSolutionNode = FALSE
	EndGlobalSection
EndGlobal
