
Microsoft Visual Studio Solution File, Format Version 12.00
# Visual Studio 14
VisualStudioVersion = 14.0.25420.1
MinimumVisualStudioVersion = 10.0.40219.1
Project("{FAE04EC0-301F-11D3-BF4B-00C04F79EFBC}") = "01. Mythical numbers", "01. Mythical numbers\01. Mythical numbers.csproj", "{B11C0C5C-4982-4D38-9C02-13823EB315F7}"
EndProject
Project("{FAE04EC0-301F-11D3-BF4B-00C04F79EFBC}") = "02. Jump, Jump", "02. Jump, Jump\02. Jump, Jump.csproj", "{AD8FF2CE-8498-482A-AD81-D422403E0FFC}"
EndProject
Project("{FAE04EC0-301F-11D3-BF4B-00C04F79EFBC}") = "03. Hidden Message", "03. Hidden Message\03. Hidden Message.csproj", "{A6730F7F-AA97-4087-B553-09E681644B54}"
EndProject
Project("{FAE04EC0-301F-11D3-BF4B-00C04F79EFBC}") = "04. Mixing numbers", "04. Mixing numbers\04. Mixing numbers.csproj", "{6D3F5414-6192-463D-B7BF-2CEA8F893534}"
EndProject
Global
	GlobalSection(SolutionConfigurationPlatforms) = preSolution
		Debug|Any CPU = Debug|Any CPU
		Release|Any CPU = Release|Any CPU
	EndGlobalSection
	GlobalSection(ProjectConfigurationPlatforms) = postSolution
		{B11C0C5C-4982-4D38-9C02-13823EB315F7}.Debug|Any CPU.ActiveCfg = Debug|Any CPU
		{B11C0C5C-4982-4D38-9C02-13823EB315F7}.Debug|Any CPU.Build.0 = Debug|Any CPU
		{B11C0C5C-4982-4D38-9C02-13823EB315F7}.Release|Any CPU.ActiveCfg = Release|Any CPU
		{B11C0C5C-4982-4D38-9C02-13823EB315F7}.Release|Any CPU.Build.0 = Release|Any CPU
		{AD8FF2CE-8498-482A-AD81-D422403E0FFC}.Debug|Any CPU.ActiveCfg = Debug|Any CPU
		{AD8FF2CE-8498-482A-AD81-D422403E0FFC}.Debug|Any CPU.Build.0 = Debug|Any CPU
		{AD8FF2CE-8498-482A-AD81-D422403E0FFC}.Release|Any CPU.ActiveCfg = Release|Any CPU
		{AD8FF2CE-8498-482A-AD81-D422403E0FFC}.Release|Any CPU.Build.0 = Release|Any CPU
		{A6730F7F-AA97-4087-B553-09E681644B54}.Debug|Any CPU.ActiveCfg = Debug|Any CPU
		{A6730F7F-AA97-4087-B553-09E681644B54}.Debug|Any CPU.Build.0 = Debug|Any CPU
		{A6730F7F-AA97-4087-B553-09E681644B54}.Release|Any CPU.ActiveCfg = Release|Any CPU
		{A6730F7F-AA97-4087-B553-09E681644B54}.Release|Any CPU.Build.0 = Release|Any CPU
		{6D3F5414-6192-463D-B7BF-2CEA8F893534}.Debug|Any CPU.ActiveCfg = Debug|Any CPU
		{6D3F5414-6192-463D-B7BF-2CEA8F893534}.Debug|Any CPU.Build.0 = Debug|Any CPU
		{6D3F5414-6192-463D-B7BF-2CEA8F893534}.Release|Any CPU.ActiveCfg = Release|Any CPU
		{6D3F5414-6192-463D-B7BF-2CEA8F893534}.Release|Any CPU.Build.0 = Release|Any CPU
	EndGlobalSection
	GlobalSection(SolutionProperties) = preSolution
		HideSolutionNode = FALSE
	EndGlobalSection
EndGlobal
