
Microsoft Visual Studio Solution File, Format Version 12.00
# Visual Studio 14
VisualStudioVersion = 14.0.25420.1
MinimumVisualStudioVersion = 10.0.40219.1
Project("{FAE04EC0-301F-11D3-BF4B-00C04F79EFBC}") = "01. Declare Variables", "01. Declare Variables\01. Declare Variables.csproj", "{5F3A91F4-4622-4741-9630-7FC42ECB26FF}"
EndProject
Project("{FAE04EC0-301F-11D3-BF4B-00C04F79EFBC}") = "02. Float or Double", "02. Float or Double\02. Float or Double.csproj", "{1DD28442-8819-4B6D-96FD-D3B452AF1DEE}"
EndProject
Project("{FAE04EC0-301F-11D3-BF4B-00C04F79EFBC}") = "03. Variable in Hexadecimal Format", "03. Variable in Hexadecimal Format\03. Variable in Hexadecimal Format.csproj", "{5C0F150B-6A05-48DE-9505-3DDD844E6C92}"
EndProject
Project("{FAE04EC0-301F-11D3-BF4B-00C04F79EFBC}") = "04. Unicode Character", "04. Unicode Character\04. Unicode Character.csproj", "{354B64C6-8B70-4B34-B1DC-1D96A5B0A069}"
EndProject
Project("{FAE04EC0-301F-11D3-BF4B-00C04F79EFBC}") = "05. Boolean Variable", "05. Boolean Variable\05. Boolean Variable.csproj", "{A7D12BEC-6E17-4E47-AF08-CE03C9FF358E}"
EndProject
Project("{FAE04EC0-301F-11D3-BF4B-00C04F79EFBC}") = "06. Strings and Objects", "06. Strings and Objects\06. Strings and Objects.csproj", "{82FCAA8C-FCCD-4500-9864-D5F850408E00}"
EndProject
Project("{FAE04EC0-301F-11D3-BF4B-00C04F79EFBC}") = "07. Quotes in Strings", "07. Quotes in Strings\07. Quotes in Strings.csproj", "{E13F2311-7E9D-4F8C-8BEE-D9334D9CBD0F}"
EndProject
Project("{FAE04EC0-301F-11D3-BF4B-00C04F79EFBC}") = "08. Isosceles Triangle", "08. Isosceles Triangle\08. Isosceles Triangle.csproj", "{0C271E03-8C4F-4B5D-9FC5-96933D31C1B9}"
EndProject
Project("{FAE04EC0-301F-11D3-BF4B-00C04F79EFBC}") = "09. Exchange Variable Values", "09. Exchange Variable Values\09. Exchange Variable Values.csproj", "{3E4A6700-D150-47F2-8BC0-FD753FF4B2E6}"
EndProject
Project("{FAE04EC0-301F-11D3-BF4B-00C04F79EFBC}") = "10. Employee Data", "10. Employee Data\10. Employee Data.csproj", "{E5B0BCA2-9F43-4879-A19A-E7674D9AFCED}"
EndProject
Project("{FAE04EC0-301F-11D3-BF4B-00C04F79EFBC}") = "11. Bank Account Data", "11. Bank Account Data\11. Bank Account Data.csproj", "{42597D0E-8C15-4D3C-B0ED-6BEFF6E73292}"
EndProject
Project("{FAE04EC0-301F-11D3-BF4B-00C04F79EFBC}") = "12. Null Values Arithmetic", "12. Null Values Arithmetic\12. Null Values Arithmetic.csproj", "{ACD3C550-07D5-406D-8D05-893AC2853E37}"
EndProject
Project("{FAE04EC0-301F-11D3-BF4B-00C04F79EFBC}") = "13. Comparing Floats", "13. Comparing Floats\13. Comparing Floats.csproj", "{E7B1AA78-2B2B-47BD-B97F-7FAB01E3B3C9}"
EndProject
Project("{FAE04EC0-301F-11D3-BF4B-00C04F79EFBC}") = "14. Print the ASCII Table", "14. Print the ASCII Table\14. Print the ASCII Table.csproj", "{14D17116-05EB-4606-86DF-FD813DEF85AC}"
EndProject
Global
	GlobalSection(SolutionConfigurationPlatforms) = preSolution
		Debug|Any CPU = Debug|Any CPU
		Release|Any CPU = Release|Any CPU
	EndGlobalSection
	GlobalSection(ProjectConfigurationPlatforms) = postSolution
		{5F3A91F4-4622-4741-9630-7FC42ECB26FF}.Debug|Any CPU.ActiveCfg = Debug|Any CPU
		{5F3A91F4-4622-4741-9630-7FC42ECB26FF}.Debug|Any CPU.Build.0 = Debug|Any CPU
		{5F3A91F4-4622-4741-9630-7FC42ECB26FF}.Release|Any CPU.ActiveCfg = Release|Any CPU
		{5F3A91F4-4622-4741-9630-7FC42ECB26FF}.Release|Any CPU.Build.0 = Release|Any CPU
		{1DD28442-8819-4B6D-96FD-D3B452AF1DEE}.Debug|Any CPU.ActiveCfg = Debug|Any CPU
		{1DD28442-8819-4B6D-96FD-D3B452AF1DEE}.Debug|Any CPU.Build.0 = Debug|Any CPU
		{1DD28442-8819-4B6D-96FD-D3B452AF1DEE}.Release|Any CPU.ActiveCfg = Release|Any CPU
		{1DD28442-8819-4B6D-96FD-D3B452AF1DEE}.Release|Any CPU.Build.0 = Release|Any CPU
		{5C0F150B-6A05-48DE-9505-3DDD844E6C92}.Debug|Any CPU.ActiveCfg = Debug|Any CPU
		{5C0F150B-6A05-48DE-9505-3DDD844E6C92}.Debug|Any CPU.Build.0 = Debug|Any CPU
		{5C0F150B-6A05-48DE-9505-3DDD844E6C92}.Release|Any CPU.ActiveCfg = Release|Any CPU
		{5C0F150B-6A05-48DE-9505-3DDD844E6C92}.Release|Any CPU.Build.0 = Release|Any CPU
		{354B64C6-8B70-4B34-B1DC-1D96A5B0A069}.Debug|Any CPU.ActiveCfg = Debug|Any CPU
		{354B64C6-8B70-4B34-B1DC-1D96A5B0A069}.Debug|Any CPU.Build.0 = Debug|Any CPU
		{354B64C6-8B70-4B34-B1DC-1D96A5B0A069}.Release|Any CPU.ActiveCfg = Release|Any CPU
		{354B64C6-8B70-4B34-B1DC-1D96A5B0A069}.Release|Any CPU.Build.0 = Release|Any CPU
		{A7D12BEC-6E17-4E47-AF08-CE03C9FF358E}.Debug|Any CPU.ActiveCfg = Debug|Any CPU
		{A7D12BEC-6E17-4E47-AF08-CE03C9FF358E}.Debug|Any CPU.Build.0 = Debug|Any CPU
		{A7D12BEC-6E17-4E47-AF08-CE03C9FF358E}.Release|Any CPU.ActiveCfg = Release|Any CPU
		{A7D12BEC-6E17-4E47-AF08-CE03C9FF358E}.Release|Any CPU.Build.0 = Release|Any CPU
		{82FCAA8C-FCCD-4500-9864-D5F850408E00}.Debug|Any CPU.ActiveCfg = Debug|Any CPU
		{82FCAA8C-FCCD-4500-9864-D5F850408E00}.Debug|Any CPU.Build.0 = Debug|Any CPU
		{82FCAA8C-FCCD-4500-9864-D5F850408E00}.Release|Any CPU.ActiveCfg = Release|Any CPU
		{82FCAA8C-FCCD-4500-9864-D5F850408E00}.Release|Any CPU.Build.0 = Release|Any CPU
		{E13F2311-7E9D-4F8C-8BEE-D9334D9CBD0F}.Debug|Any CPU.ActiveCfg = Debug|Any CPU
		{E13F2311-7E9D-4F8C-8BEE-D9334D9CBD0F}.Debug|Any CPU.Build.0 = Debug|Any CPU
		{E13F2311-7E9D-4F8C-8BEE-D9334D9CBD0F}.Release|Any CPU.ActiveCfg = Release|Any CPU
		{E13F2311-7E9D-4F8C-8BEE-D9334D9CBD0F}.Release|Any CPU.Build.0 = Release|Any CPU
		{0C271E03-8C4F-4B5D-9FC5-96933D31C1B9}.Debug|Any CPU.ActiveCfg = Debug|Any CPU
		{0C271E03-8C4F-4B5D-9FC5-96933D31C1B9}.Debug|Any CPU.Build.0 = Debug|Any CPU
		{0C271E03-8C4F-4B5D-9FC5-96933D31C1B9}.Release|Any CPU.ActiveCfg = Release|Any CPU
		{0C271E03-8C4F-4B5D-9FC5-96933D31C1B9}.Release|Any CPU.Build.0 = Release|Any CPU
		{3E4A6700-D150-47F2-8BC0-FD753FF4B2E6}.Debug|Any CPU.ActiveCfg = Debug|Any CPU
		{3E4A6700-D150-47F2-8BC0-FD753FF4B2E6}.Debug|Any CPU.Build.0 = Debug|Any CPU
		{3E4A6700-D150-47F2-8BC0-FD753FF4B2E6}.Release|Any CPU.ActiveCfg = Release|Any CPU
		{3E4A6700-D150-47F2-8BC0-FD753FF4B2E6}.Release|Any CPU.Build.0 = Release|Any CPU
		{E5B0BCA2-9F43-4879-A19A-E7674D9AFCED}.Debug|Any CPU.ActiveCfg = Debug|Any CPU
		{E5B0BCA2-9F43-4879-A19A-E7674D9AFCED}.Debug|Any CPU.Build.0 = Debug|Any CPU
		{E5B0BCA2-9F43-4879-A19A-E7674D9AFCED}.Release|Any CPU.ActiveCfg = Release|Any CPU
		{E5B0BCA2-9F43-4879-A19A-E7674D9AFCED}.Release|Any CPU.Build.0 = Release|Any CPU
		{42597D0E-8C15-4D3C-B0ED-6BEFF6E73292}.Debug|Any CPU.ActiveCfg = Debug|Any CPU
		{42597D0E-8C15-4D3C-B0ED-6BEFF6E73292}.Debug|Any CPU.Build.0 = Debug|Any CPU
		{42597D0E-8C15-4D3C-B0ED-6BEFF6E73292}.Release|Any CPU.ActiveCfg = Release|Any CPU
		{42597D0E-8C15-4D3C-B0ED-6BEFF6E73292}.Release|Any CPU.Build.0 = Release|Any CPU
		{ACD3C550-07D5-406D-8D05-893AC2853E37}.Debug|Any CPU.ActiveCfg = Debug|Any CPU
		{ACD3C550-07D5-406D-8D05-893AC2853E37}.Debug|Any CPU.Build.0 = Debug|Any CPU
		{ACD3C550-07D5-406D-8D05-893AC2853E37}.Release|Any CPU.ActiveCfg = Release|Any CPU
		{ACD3C550-07D5-406D-8D05-893AC2853E37}.Release|Any CPU.Build.0 = Release|Any CPU
		{E7B1AA78-2B2B-47BD-B97F-7FAB01E3B3C9}.Debug|Any CPU.ActiveCfg = Debug|Any CPU
		{E7B1AA78-2B2B-47BD-B97F-7FAB01E3B3C9}.Debug|Any CPU.Build.0 = Debug|Any CPU
		{E7B1AA78-2B2B-47BD-B97F-7FAB01E3B3C9}.Release|Any CPU.ActiveCfg = Release|Any CPU
		{E7B1AA78-2B2B-47BD-B97F-7FAB01E3B3C9}.Release|Any CPU.Build.0 = Release|Any CPU
		{14D17116-05EB-4606-86DF-FD813DEF85AC}.Debug|Any CPU.ActiveCfg = Debug|Any CPU
		{14D17116-05EB-4606-86DF-FD813DEF85AC}.Debug|Any CPU.Build.0 = Debug|Any CPU
		{14D17116-05EB-4606-86DF-FD813DEF85AC}.Release|Any CPU.ActiveCfg = Release|Any CPU
		{14D17116-05EB-4606-86DF-FD813DEF85AC}.Release|Any CPU.Build.0 = Release|Any CPU
	EndGlobalSection
	GlobalSection(SolutionProperties) = preSolution
		HideSolutionNode = FALSE
	EndGlobalSection
EndGlobal
